// !$*UTF8*$!
{
	archiveVersion = 1;
	classes = {
	};
	objectVersion = 56;
	objects = {

/* Begin PBXBuildFile section */
		C059BF4B2AD720DB000C7B17 /* AppDelegate.swift in Sources */ = {isa = PBXBuildFile; fileRef = C059BF4A2AD720DB000C7B17 /* AppDelegate.swift */; };
		C059BF4D2AD720DB000C7B17 /* SceneDelegate.swift in Sources */ = {isa = PBXBuildFile; fileRef = C059BF4C2AD720DB000C7B17 /* SceneDelegate.swift */; };
		C059BF4F2AD720DB000C7B17 /* ViewController.swift in Sources */ = {isa = PBXBuildFile; fileRef = C059BF4E2AD720DB000C7B17 /* ViewController.swift */; };
		C059BF522AD720DB000C7B17 /* Main.storyboard in Resources */ = {isa = PBXBuildFile; fileRef = C059BF502AD720DB000C7B17 /* Main.storyboard */; };
		C059BF542AD720DE000C7B17 /* Assets.xcassets in Resources */ = {isa = PBXBuildFile; fileRef = C059BF532AD720DE000C7B17 /* Assets.xcassets */; };
		C059BF572AD720DE000C7B17 /* LaunchScreen.storyboard in Resources */ = {isa = PBXBuildFile; fileRef = C059BF552AD720DE000C7B17 /* LaunchScreen.storyboard */; };
		C059BF622AD720DE000C7B17 /* ViperSwiftPlaceholderTests.swift in Sources */ = {isa = PBXBuildFile; fileRef = C059BF612AD720DE000C7B17 /* ViperSwiftPlaceholderTests.swift */; };
		C059BF6C2AD720DE000C7B17 /* ViperSwiftPlaceholderUITests.swift in Sources */ = {isa = PBXBuildFile; fileRef = C059BF6B2AD720DE000C7B17 /* ViperSwiftPlaceholderUITests.swift */; };
		C059BF6E2AD720DE000C7B17 /* ViperSwiftPlaceholderUITestsLaunchTests.swift in Sources */ = {isa = PBXBuildFile; fileRef = C059BF6D2AD720DE000C7B17 /* ViperSwiftPlaceholderUITestsLaunchTests.swift */; };
		C059BF832AD7252C000C7B17 /* HomeViewController.swift in Sources */ = {isa = PBXBuildFile; fileRef = C059BF822AD7252C000C7B17 /* HomeViewController.swift */; };
		C059BF862AD726CA000C7B17 /* SnapKit in Frameworks */ = {isa = PBXBuildFile; productRef = C059BF852AD726CA000C7B17 /* SnapKit */; };
		C059BF892AD7279D000C7B17 /* UIView+Extensions.swift in Sources */ = {isa = PBXBuildFile; fileRef = C059BF882AD7279D000C7B17 /* UIView+Extensions.swift */; };
		C059BF8B2AD72E84000C7B17 /* HomeContractor.swift in Sources */ = {isa = PBXBuildFile; fileRef = C059BF8A2AD72E84000C7B17 /* HomeContractor.swift */; };
		C059BF8D2AD730D5000C7B17 /* HomeInteractor.swift in Sources */ = {isa = PBXBuildFile; fileRef = C059BF8C2AD730D5000C7B17 /* HomeInteractor.swift */; };
		C059BF8F2AD731A1000C7B17 /* HomePresenter.swift in Sources */ = {isa = PBXBuildFile; fileRef = C059BF8E2AD731A1000C7B17 /* HomePresenter.swift */; };
		C059BF912AD7350C000C7B17 /* CatEntity.swift in Sources */ = {isa = PBXBuildFile; fileRef = C059BF902AD7350C000C7B17 /* CatEntity.swift */; };
		C059BF952AD73979000C7B17 /* Alamofire in Frameworks */ = {isa = PBXBuildFile; productRef = C059BF942AD73979000C7B17 /* Alamofire */; };
		C059BF982AD73B12000C7B17 /* ProductConstants.swift in Sources */ = {isa = PBXBuildFile; fileRef = C059BF972AD73B11000C7B17 /* ProductConstants.swift */; };
		C059BF9A2AD7443D000C7B17 /* HomeRouter.swift in Sources */ = {isa = PBXBuildFile; fileRef = C059BF992AD7443D000C7B17 /* HomeRouter.swift */; };
/* End PBXBuildFile section */

/* Begin PBXContainerItemProxy section */
		C059BF5E2AD720DE000C7B17 /* PBXContainerItemProxy */ = {
			isa = PBXContainerItemProxy;
			containerPortal = C059BF3F2AD720DB000C7B17 /* Project object */;
			proxyType = 1;
			remoteGlobalIDString = C059BF462AD720DB000C7B17;
			remoteInfo = ViperSwiftPlaceholder;
		};
		C059BF682AD720DE000C7B17 /* PBXContainerItemProxy */ = {
			isa = PBXContainerItemProxy;
			containerPortal = C059BF3F2AD720DB000C7B17 /* Project object */;
			proxyType = 1;
			remoteGlobalIDString = C059BF462AD720DB000C7B17;
			remoteInfo = ViperSwiftPlaceholder;
		};
/* End PBXContainerItemProxy section */

/* Begin PBXFileReference section */
		C059BF472AD720DB000C7B17 /* ViperSwiftPlaceholder.app */ = {isa = PBXFileReference; explicitFileType = wrapper.application; includeInIndex = 0; path = ViperSwiftPlaceholder.app; sourceTree = BUILT_PRODUCTS_DIR; };
		C059BF4A2AD720DB000C7B17 /* AppDelegate.swift */ = {isa = PBXFileReference; lastKnownFileType = sourcecode.swift; path = AppDelegate.swift; sourceTree = "<group>"; };
		C059BF4C2AD720DB000C7B17 /* SceneDelegate.swift */ = {isa = PBXFileReference; lastKnownFileType = sourcecode.swift; path = SceneDelegate.swift; sourceTree = "<group>"; };
		C059BF4E2AD720DB000C7B17 /* ViewController.swift */ = {isa = PBXFileReference; lastKnownFileType = sourcecode.swift; path = ViewController.swift; sourceTree = "<group>"; };
		C059BF512AD720DB000C7B17 /* Base */ = {isa = PBXFileReference; lastKnownFileType = file.storyboard; name = Base; path = Base.lproj/Main.storyboard; sourceTree = "<group>"; };
		C059BF532AD720DE000C7B17 /* Assets.xcassets */ = {isa = PBXFileReference; lastKnownFileType = folder.assetcatalog; path = Assets.xcassets; sourceTree = "<group>"; };
		C059BF562AD720DE000C7B17 /* Base */ = {isa = PBXFileReference; lastKnownFileType = file.storyboard; name = Base; path = Base.lproj/LaunchScreen.storyboard; sourceTree = "<group>"; };
		C059BF582AD720DE000C7B17 /* Info.plist */ = {isa = PBXFileReference; lastKnownFileType = text.plist.xml; path = Info.plist; sourceTree = "<group>"; };
		C059BF5D2AD720DE000C7B17 /* ViperSwiftPlaceholderTests.xctest */ = {isa = PBXFileReference; explicitFileType = wrapper.cfbundle; includeInIndex = 0; path = ViperSwiftPlaceholderTests.xctest; sourceTree = BUILT_PRODUCTS_DIR; };
		C059BF612AD720DE000C7B17 /* ViperSwiftPlaceholderTests.swift */ = {isa = PBXFileReference; lastKnownFileType = sourcecode.swift; path = ViperSwiftPlaceholderTests.swift; sourceTree = "<group>"; };
		C059BF672AD720DE000C7B17 /* ViperSwiftPlaceholderUITests.xctest */ = {isa = PBXFileReference; explicitFileType = wrapper.cfbundle; includeInIndex = 0; path = ViperSwiftPlaceholderUITests.xctest; sourceTree = BUILT_PRODUCTS_DIR; };
		C059BF6B2AD720DE000C7B17 /* ViperSwiftPlaceholderUITests.swift */ = {isa = PBXFileReference; lastKnownFileType = sourcecode.swift; path = ViperSwiftPlaceholderUITests.swift; sourceTree = "<group>"; };
		C059BF6D2AD720DE000C7B17 /* ViperSwiftPlaceholderUITestsLaunchTests.swift */ = {isa = PBXFileReference; lastKnownFileType = sourcecode.swift; path = ViperSwiftPlaceholderUITestsLaunchTests.swift; sourceTree = "<group>"; };
		C059BF822AD7252C000C7B17 /* HomeViewController.swift */ = {isa = PBXFileReference; lastKnownFileType = sourcecode.swift; path = HomeViewController.swift; sourceTree = "<group>"; };
		C059BF882AD7279D000C7B17 /* UIView+Extensions.swift */ = {isa = PBXFileReference; lastKnownFileType = sourcecode.swift; path = "UIView+Extensions.swift"; sourceTree = "<group>"; };
		C059BF8A2AD72E84000C7B17 /* HomeContractor.swift */ = {isa = PBXFileReference; lastKnownFileType = sourcecode.swift; path = HomeContractor.swift; sourceTree = "<group>"; };
		C059BF8C2AD730D5000C7B17 /* HomeInteractor.swift */ = {isa = PBXFileReference; lastKnownFileType = sourcecode.swift; path = HomeInteractor.swift; sourceTree = "<group>"; };
		C059BF8E2AD731A1000C7B17 /* HomePresenter.swift */ = {isa = PBXFileReference; lastKnownFileType = sourcecode.swift; path = HomePresenter.swift; sourceTree = "<group>"; };
		C059BF902AD7350C000C7B17 /* CatEntity.swift */ = {isa = PBXFileReference; lastKnownFileType = sourcecode.swift; path = CatEntity.swift; sourceTree = "<group>"; };
		C059BF972AD73B11000C7B17 /* ProductConstants.swift */ = {isa = PBXFileReference; lastKnownFileType = sourcecode.swift; path = ProductConstants.swift; sourceTree = "<group>"; };
		C059BF992AD7443D000C7B17 /* HomeRouter.swift */ = {isa = PBXFileReference; lastKnownFileType = sourcecode.swift; path = HomeRouter.swift; sourceTree = "<group>"; };
/* End PBXFileReference section */

/* Begin PBXFrameworksBuildPhase section */
		C059BF442AD720DB000C7B17 /* Frameworks */ = {
			isa = PBXFrameworksBuildPhase;
			buildActionMask = 2147483647;
			files = (
				C059BF862AD726CA000C7B17 /* SnapKit in Frameworks */,
				C059BF952AD73979000C7B17 /* Alamofire in Frameworks */,
			);
			runOnlyForDeploymentPostprocessing = 0;
		};
		C059BF5A2AD720DE000C7B17 /* Frameworks */ = {
			isa = PBXFrameworksBuildPhase;
			buildActionMask = 2147483647;
			files = (
			);
			runOnlyForDeploymentPostprocessing = 0;
		};
		C059BF642AD720DE000C7B17 /* Frameworks */ = {
			isa = PBXFrameworksBuildPhase;
			buildActionMask = 2147483647;
			files = (
			);
			runOnlyForDeploymentPostprocessing = 0;
		};
/* End PBXFrameworksBuildPhase section */

/* Begin PBXGroup section */
		C059BF3E2AD720DB000C7B17 = {
			isa = PBXGroup;
			children = (
				C059BF492AD720DB000C7B17 /* ViperSwiftPlaceholder */,
				C059BF602AD720DE000C7B17 /* ViperSwiftPlaceholderTests */,
				C059BF6A2AD720DE000C7B17 /* ViperSwiftPlaceholderUITests */,
				C059BF482AD720DB000C7B17 /* Products */,
			);
			sourceTree = "<group>";
		};
		C059BF482AD720DB000C7B17 /* Products */ = {
			isa = PBXGroup;
			children = (
				C059BF472AD720DB000C7B17 /* ViperSwiftPlaceholder.app */,
				C059BF5D2AD720DE000C7B17 /* ViperSwiftPlaceholderTests.xctest */,
				C059BF672AD720DE000C7B17 /* ViperSwiftPlaceholderUITests.xctest */,
			);
			name = Products;
			sourceTree = "<group>";
		};
		C059BF492AD720DB000C7B17 /* ViperSwiftPlaceholder */ = {
			isa = PBXGroup;
			children = (
				C059BF7A2AD7227A000C7B17 /* Module */,
				C059BF4A2AD720DB000C7B17 /* AppDelegate.swift */,
				C059BF4C2AD720DB000C7B17 /* SceneDelegate.swift */,
				C059BF4E2AD720DB000C7B17 /* ViewController.swift */,
				C059BF502AD720DB000C7B17 /* Main.storyboard */,
				C059BF532AD720DE000C7B17 /* Assets.xcassets */,
				C059BF552AD720DE000C7B17 /* LaunchScreen.storyboard */,
				C059BF582AD720DE000C7B17 /* Info.plist */,
			);
			path = ViperSwiftPlaceholder;
			sourceTree = "<group>";
		};
		C059BF602AD720DE000C7B17 /* ViperSwiftPlaceholderTests */ = {
			isa = PBXGroup;
			children = (
				C059BF612AD720DE000C7B17 /* ViperSwiftPlaceholderTests.swift */,
			);
			path = ViperSwiftPlaceholderTests;
			sourceTree = "<group>";
		};
		C059BF6A2AD720DE000C7B17 /* ViperSwiftPlaceholderUITests */ = {
			isa = PBXGroup;
			children = (
				C059BF6B2AD720DE000C7B17 /* ViperSwiftPlaceholderUITests.swift */,
				C059BF6D2AD720DE000C7B17 /* ViperSwiftPlaceholderUITestsLaunchTests.swift */,
			);
			path = ViperSwiftPlaceholderUITests;
			sourceTree = "<group>";
		};
		C059BF7A2AD7227A000C7B17 /* Module */ = {
			isa = PBXGroup;
			children = (
				C059BF962AD73AF9000C7B17 /* Product */,
				C059BF872AD7278F000C7B17 /* Extensions */,
				C059BF7C2AD72496000C7B17 /* HomeDetail */,
				C059BF7B2AD72492000C7B17 /* Home */,
			);
			path = Module;
			sourceTree = "<group>";
		};
		C059BF7B2AD72492000C7B17 /* Home */ = {
			isa = PBXGroup;
			children = (
				C059BF822AD7252C000C7B17 /* HomeViewController.swift */,
				C059BF8A2AD72E84000C7B17 /* HomeContractor.swift */,
				C059BF8C2AD730D5000C7B17 /* HomeInteractor.swift */,
				C059BF8E2AD731A1000C7B17 /* HomePresenter.swift */,
				C059BF902AD7350C000C7B17 /* CatEntity.swift */,
				C059BF992AD7443D000C7B17 /* HomeRouter.swift */,
			);
			path = Home;
			sourceTree = "<group>";
		};
		C059BF7C2AD72496000C7B17 /* HomeDetail */ = {
			isa = PBXGroup;
			children = (
			);
			path = HomeDetail;
			sourceTree = "<group>";
		};
		C059BF872AD7278F000C7B17 /* Extensions */ = {
			isa = PBXGroup;
			children = (
				C059BF882AD7279D000C7B17 /* UIView+Extensions.swift */,
			);
			path = Extensions;
			sourceTree = "<group>";
		};
		C059BF962AD73AF9000C7B17 /* Product */ = {
			isa = PBXGroup;
			children = (
				C059BF972AD73B11000C7B17 /* ProductConstants.swift */,
			);
			path = Product;
			sourceTree = "<group>";
		};
/* End PBXGroup section */

/* Begin PBXNativeTarget section */
		C059BF462AD720DB000C7B17 /* ViperSwiftPlaceholder */ = {
			isa = PBXNativeTarget;
			buildConfigurationList = C059BF712AD720DE000C7B17 /* Build configuration list for PBXNativeTarget "ViperSwiftPlaceholder" */;
			buildPhases = (
				C059BF432AD720DB000C7B17 /* Sources */,
				C059BF442AD720DB000C7B17 /* Frameworks */,
				C059BF452AD720DB000C7B17 /* Resources */,
			);
			buildRules = (
			);
			dependencies = (
			);
			name = ViperSwiftPlaceholder;
			packageProductDependencies = (
				C059BF852AD726CA000C7B17 /* SnapKit */,
				C059BF942AD73979000C7B17 /* Alamofire */,
			);
			productName = ViperSwiftPlaceholder;
			productReference = C059BF472AD720DB000C7B17 /* ViperSwiftPlaceholder.app */;
			productType = "com.apple.product-type.application";
		};
		C059BF5C2AD720DE000C7B17 /* ViperSwiftPlaceholderTests */ = {
			isa = PBXNativeTarget;
			buildConfigurationList = C059BF742AD720DE000C7B17 /* Build configuration list for PBXNativeTarget "ViperSwiftPlaceholderTests" */;
			buildPhases = (
				C059BF592AD720DE000C7B17 /* Sources */,
				C059BF5A2AD720DE000C7B17 /* Frameworks */,
				C059BF5B2AD720DE000C7B17 /* Resources */,
			);
			buildRules = (
			);
			dependencies = (
				C059BF5F2AD720DE000C7B17 /* PBXTargetDependency */,
			);
			name = ViperSwiftPlaceholderTests;
			productName = ViperSwiftPlaceholderTests;
			productReference = C059BF5D2AD720DE000C7B17 /* ViperSwiftPlaceholderTests.xctest */;
			productType = "com.apple.product-type.bundle.unit-test";
		};
		C059BF662AD720DE000C7B17 /* ViperSwiftPlaceholderUITests */ = {
			isa = PBXNativeTarget;
			buildConfigurationList = C059BF772AD720DE000C7B17 /* Build configuration list for PBXNativeTarget "ViperSwiftPlaceholderUITests" */;
			buildPhases = (
				C059BF632AD720DE000C7B17 /* Sources */,
				C059BF642AD720DE000C7B17 /* Frameworks */,
				C059BF652AD720DE000C7B17 /* Resources */,
			);
			buildRules = (
			);
			dependencies = (
				C059BF692AD720DE000C7B17 /* PBXTargetDependency */,
			);
			name = ViperSwiftPlaceholderUITests;
			productName = ViperSwiftPlaceholderUITests;
			productReference = C059BF672AD720DE000C7B17 /* ViperSwiftPlaceholderUITests.xctest */;
			productType = "com.apple.product-type.bundle.ui-testing";
		};
/* End PBXNativeTarget section */

/* Begin PBXProject section */
		C059BF3F2AD720DB000C7B17 /* Project object */ = {
			isa = PBXProject;
			attributes = {
				BuildIndependentTargetsInParallel = 1;
				LastSwiftUpdateCheck = 1420;
				LastUpgradeCheck = 1420;
				TargetAttributes = {
					C059BF462AD720DB000C7B17 = {
						CreatedOnToolsVersion = 14.2;
					};
					C059BF5C2AD720DE000C7B17 = {
						CreatedOnToolsVersion = 14.2;
						TestTargetID = C059BF462AD720DB000C7B17;
					};
					C059BF662AD720DE000C7B17 = {
						CreatedOnToolsVersion = 14.2;
						TestTargetID = C059BF462AD720DB000C7B17;
					};
				};
			};
			buildConfigurationList = C059BF422AD720DB000C7B17 /* Build configuration list for PBXProject "ViperSwiftPlaceholder" */;
			compatibilityVersion = "Xcode 14.0";
			developmentRegion = en;
			hasScannedForEncodings = 0;
			knownRegions = (
				en,
				Base,
			);
			mainGroup = C059BF3E2AD720DB000C7B17;
			packageReferences = (
				C059BF842AD726CA000C7B17 /* XCRemoteSwiftPackageReference "SnapKit" */,
				C059BF932AD73979000C7B17 /* XCRemoteSwiftPackageReference "Alamofire" */,
			);
			productRefGroup = C059BF482AD720DB000C7B17 /* Products */;
			projectDirPath = "";
			projectRoot = "";
			targets = (
				C059BF462AD720DB000C7B17 /* ViperSwiftPlaceholder */,
				C059BF5C2AD720DE000C7B17 /* ViperSwiftPlaceholderTests */,
				C059BF662AD720DE000C7B17 /* ViperSwiftPlaceholderUITests */,
			);
		};
/* End PBXProject section */

/* Begin PBXResourcesBuildPhase section */
		C059BF452AD720DB000C7B17 /* Resources */ = {
			isa = PBXResourcesBuildPhase;
			buildActionMask = 2147483647;
			files = (
				C059BF572AD720DE000C7B17 /* LaunchScreen.storyboard in Resources */,
				C059BF542AD720DE000C7B17 /* Assets.xcassets in Resources */,
				C059BF522AD720DB000C7B17 /* Main.storyboard in Resources */,
			);
			runOnlyForDeploymentPostprocessing = 0;
		};
		C059BF5B2AD720DE000C7B17 /* Resources */ = {
			isa = PBXResourcesBuildPhase;
			buildActionMask = 2147483647;
			files = (
			);
			runOnlyForDeploymentPostprocessing = 0;
		};
		C059BF652AD720DE000C7B17 /* Resources */ = {
			isa = PBXResourcesBuildPhase;
			buildActionMask = 2147483647;
			files = (
			);
			runOnlyForDeploymentPostprocessing = 0;
		};
/* End PBXResourcesBuildPhase section */

/* Begin PBXSourcesBuildPhase section */
		C059BF432AD720DB000C7B17 /* Sources */ = {
			isa = PBXSourcesBuildPhase;
			buildActionMask = 2147483647;
			files = (
				C059BF4F2AD720DB000C7B17 /* ViewController.swift in Sources */,
				C059BF8B2AD72E84000C7B17 /* HomeContractor.swift in Sources */,
				C059BF4B2AD720DB000C7B17 /* AppDelegate.swift in Sources */,
				C059BF982AD73B12000C7B17 /* ProductConstants.swift in Sources */,
				C059BF892AD7279D000C7B17 /* UIView+Extensions.swift in Sources */,
				C059BF4D2AD720DB000C7B17 /* SceneDelegate.swift in Sources */,
				C059BF832AD7252C000C7B17 /* HomeViewController.swift in Sources */,
				C059BF8D2AD730D5000C7B17 /* HomeInteractor.swift in Sources */,
				C059BF912AD7350C000C7B17 /* CatEntity.swift in Sources */,
				C059BF8F2AD731A1000C7B17 /* HomePresenter.swift in Sources */,
				C059BF9A2AD7443D000C7B17 /* HomeRouter.swift in Sources */,
			);
			runOnlyForDeploymentPostprocessing = 0;
		};
		C059BF592AD720DE000C7B17 /* Sources */ = {
			isa = PBXSourcesBuildPhase;
			buildActionMask = 2147483647;
			files = (
				C059BF622AD720DE000C7B17 /* ViperSwiftPlaceholderTests.swift in Sources */,
			);
			runOnlyForDeploymentPostprocessing = 0;
		};
		C059BF632AD720DE000C7B17 /* Sources */ = {
			isa = PBXSourcesBuildPhase;
			buildActionMask = 2147483647;
			files = (
				C059BF6C2AD720DE000C7B17 /* ViperSwiftPlaceholderUITests.swift in Sources */,
				C059BF6E2AD720DE000C7B17 /* ViperSwiftPlaceholderUITestsLaunchTests.swift in Sources */,
			);
			runOnlyForDeploymentPostprocessing = 0;
		};
/* End PBXSourcesBuildPhase section */

/* Begin PBXTargetDependency section */
		C059BF5F2AD720DE000C7B17 /* PBXTargetDependency */ = {
			isa = PBXTargetDependency;
			target = C059BF462AD720DB000C7B17 /* ViperSwiftPlaceholder */;
			targetProxy = C059BF5E2AD720DE000C7B17 /* PBXContainerItemProxy */;
		};
		C059BF692AD720DE000C7B17 /* PBXTargetDependency */ = {
			isa = PBXTargetDependency;
			target = C059BF462AD720DB000C7B17 /* ViperSwiftPlaceholder */;
			targetProxy = C059BF682AD720DE000C7B17 /* PBXContainerItemProxy */;
		};
/* End PBXTargetDependency section */

/* Begin PBXVariantGroup section */
		C059BF502AD720DB000C7B17 /* Main.storyboard */ = {
			isa = PBXVariantGroup;
			children = (
				C059BF512AD720DB000C7B17 /* Base */,
			);
			name = Main.storyboard;
			sourceTree = "<group>";
		};
		C059BF552AD720DE000C7B17 /* LaunchScreen.storyboard */ = {
			isa = PBXVariantGroup;
			children = (
				C059BF562AD720DE000C7B17 /* Base */,
			);
			name = LaunchScreen.storyboard;
			sourceTree = "<group>";
		};
/* End PBXVariantGroup section */

/* Begin XCBuildConfiguration section */
		C059BF6F2AD720DE000C7B17 /* Debug */ = {
			isa = XCBuildConfiguration;
			buildSettings = {
				ALWAYS_SEARCH_USER_PATHS = NO;
				CLANG_ANALYZER_NONNULL = YES;
				CLANG_ANALYZER_NUMBER_OBJECT_CONVERSION = YES_AGGRESSIVE;
				CLANG_CXX_LANGUAGE_STANDARD = "gnu++20";
				CLANG_ENABLE_MODULES = YES;
				CLANG_ENABLE_OBJC_ARC = YES;
				CLANG_ENABLE_OBJC_WEAK = YES;
				CLANG_WARN_BLOCK_CAPTURE_AUTORELEASING = YES;
				CLANG_WARN_BOOL_CONVERSION = YES;
				CLANG_WARN_COMMA = YES;
				CLANG_WARN_CONSTANT_CONVERSION = YES;
				CLANG_WARN_DEPRECATED_OBJC_IMPLEMENTATIONS = YES;
				CLANG_WARN_DIRECT_OBJC_ISA_USAGE = YES_ERROR;
				CLANG_WARN_DOCUMENTATION_COMMENTS = YES;
				CLANG_WARN_EMPTY_BODY = YES;
				CLANG_WARN_ENUM_CONVERSION = YES;
				CLANG_WARN_INFINITE_RECURSION = YES;
				CLANG_WARN_INT_CONVERSION = YES;
				CLANG_WARN_NON_LITERAL_NULL_CONVERSION = YES;
				CLANG_WARN_OBJC_IMPLICIT_RETAIN_SELF = YES;
				CLANG_WARN_OBJC_LITERAL_CONVERSION = YES;
				CLANG_WARN_OBJC_ROOT_CLASS = YES_ERROR;
				CLANG_WARN_QUOTED_INCLUDE_IN_FRAMEWORK_HEADER = YES;
				CLANG_WARN_RANGE_LOOP_ANALYSIS = YES;
				CLANG_WARN_STRICT_PROTOTYPES = YES;
				CLANG_WARN_SUSPICIOUS_MOVE = YES;
				CLANG_WARN_UNGUARDED_AVAILABILITY = YES_AGGRESSIVE;
				CLANG_WARN_UNREACHABLE_CODE = YES;
				CLANG_WARN__DUPLICATE_METHOD_MATCH = YES;
				COPY_PHASE_STRIP = NO;
				DEBUG_INFORMATION_FORMAT = dwarf;
				ENABLE_STRICT_OBJC_MSGSEND = YES;
				ENABLE_TESTABILITY = YES;
				GCC_C_LANGUAGE_STANDARD = gnu11;
				GCC_DYNAMIC_NO_PIC = NO;
				GCC_NO_COMMON_BLOCKS = YES;
				GCC_OPTIMIZATION_LEVEL = 0;
				GCC_PREPROCESSOR_DEFINITIONS = (
					"DEBUG=1",
					"$(inherited)",
				);
				GCC_WARN_64_TO_32_BIT_CONVERSION = YES;
				GCC_WARN_ABOUT_RETURN_TYPE = YES_ERROR;
				GCC_WARN_UNDECLARED_SELECTOR = YES;
				GCC_WARN_UNINITIALIZED_AUTOS = YES_AGGRESSIVE;
				GCC_WARN_UNUSED_FUNCTION = YES;
				GCC_WARN_UNUSED_VARIABLE = YES;
				IPHONEOS_DEPLOYMENT_TARGET = 16.2;
				MTL_ENABLE_DEBUG_INFO = INCLUDE_SOURCE;
				MTL_FAST_MATH = YES;
				ONLY_ACTIVE_ARCH = YES;
				SDKROOT = iphoneos;
				SWIFT_ACTIVE_COMPILATION_CONDITIONS = DEBUG;
				SWIFT_OPTIMIZATION_LEVEL = "-Onone";
			};
			name = Debug;
		};
		C059BF702AD720DE000C7B17 /* Release */ = {
			isa = XCBuildConfiguration;
			buildSettings = {
				ALWAYS_SEARCH_USER_PATHS = NO;
				CLANG_ANALYZER_NONNULL = YES;
				CLANG_ANALYZER_NUMBER_OBJECT_CONVERSION = YES_AGGRESSIVE;
				CLANG_CXX_LANGUAGE_STANDARD = "gnu++20";
				CLANG_ENABLE_MODULES = YES;
				CLANG_ENABLE_OBJC_ARC = YES;
				CLANG_ENABLE_OBJC_WEAK = YES;
				CLANG_WARN_BLOCK_CAPTURE_AUTORELEASING = YES;
				CLANG_WARN_BOOL_CONVERSION = YES;
				CLANG_WARN_COMMA = YES;
				CLANG_WARN_CONSTANT_CONVERSION = YES;
				CLANG_WARN_DEPRECATED_OBJC_IMPLEMENTATIONS = YES;
				CLANG_WARN_DIRECT_OBJC_ISA_USAGE = YES_ERROR;
				CLANG_WARN_DOCUMENTATION_COMMENTS = YES;
				CLANG_WARN_EMPTY_BODY = YES;
				CLANG_WARN_ENUM_CONVERSION = YES;
				CLANG_WARN_INFINITE_RECURSION = YES;
				CLANG_WARN_INT_CONVERSION = YES;
				CLANG_WARN_NON_LITERAL_NULL_CONVERSION = YES;
				CLANG_WARN_OBJC_IMPLICIT_RETAIN_SELF = YES;
				CLANG_WARN_OBJC_LITERAL_CONVERSION = YES;
				CLANG_WARN_OBJC_ROOT_CLASS = YES_ERROR;
				CLANG_WARN_QUOTED_INCLUDE_IN_FRAMEWORK_HEADER = YES;
				CLANG_WARN_RANGE_LOOP_ANALYSIS = YES;
				CLANG_WARN_STRICT_PROTOTYPES = YES;
				CLANG_WARN_SUSPICIOUS_MOVE = YES;
				CLANG_WARN_UNGUARDED_AVAILABILITY = YES_AGGRESSIVE;
				CLANG_WARN_UNREACHABLE_CODE = YES;
				CLANG_WARN__DUPLICATE_METHOD_MATCH = YES;
				COPY_PHASE_STRIP = NO;
				DEBUG_INFORMATION_FORMAT = "dwarf-with-dsym";
				ENABLE_NS_ASSERTIONS = NO;
				ENABLE_STRICT_OBJC_MSGSEND = YES;
				GCC_C_LANGUAGE_STANDARD = gnu11;
				GCC_NO_COMMON_BLOCKS = YES;
				GCC_WARN_64_TO_32_BIT_CONVERSION = YES;
				GCC_WARN_ABOUT_RETURN_TYPE = YES_ERROR;
				GCC_WARN_UNDECLARED_SELECTOR = YES;
				GCC_WARN_UNINITIALIZED_AUTOS = YES_AGGRESSIVE;
				GCC_WARN_UNUSED_FUNCTION = YES;
				GCC_WARN_UNUSED_VARIABLE = YES;
				IPHONEOS_DEPLOYMENT_TARGET = 16.2;
				MTL_ENABLE_DEBUG_INFO = NO;
				MTL_FAST_MATH = YES;
				SDKROOT = iphoneos;
				SWIFT_COMPILATION_MODE = wholemodule;
				SWIFT_OPTIMIZATION_LEVEL = "-O";
				VALIDATE_PRODUCT = YES;
			};
			name = Release;
		};
		C059BF722AD720DE000C7B17 /* Debug */ = {
			isa = XCBuildConfiguration;
			buildSettings = {
				ASSETCATALOG_COMPILER_APPICON_NAME = AppIcon;
				ASSETCATALOG_COMPILER_GLOBAL_ACCENT_COLOR_NAME = AccentColor;
				CODE_SIGN_STYLE = Automatic;
				CURRENT_PROJECT_VERSION = 1;
				DEVELOPMENT_TEAM = 9Z5J5Q4MH4;
				GENERATE_INFOPLIST_FILE = YES;
				INFOPLIST_FILE = ViperSwiftPlaceholder/Info.plist;
				INFOPLIST_KEY_UIApplicationSupportsIndirectInputEvents = YES;
				INFOPLIST_KEY_UILaunchStoryboardName = LaunchScreen;
				INFOPLIST_KEY_UIMainStoryboardFile = Main;
				INFOPLIST_KEY_UISupportedInterfaceOrientations_iPad = "UIInterfaceOrientationPortrait UIInterfaceOrientationPortraitUpsideDown UIInterfaceOrientationLandscapeLeft UIInterfaceOrientationLandscapeRight";
				INFOPLIST_KEY_UISupportedInterfaceOrientations_iPhone = "UIInterfaceOrientationPortrait UIInterfaceOrientationLandscapeLeft UIInterfaceOrientationLandscapeRight";
				IPHONEOS_DEPLOYMENT_TARGET = 16.0;
				LD_RUNPATH_SEARCH_PATHS = (
					"$(inherited)",
					"@executable_path/Frameworks",
				);
				MARKETING_VERSION = 1.0;
				PRODUCT_BUNDLE_IDENTIFIER = info.ViperSwiftPlaceholder;
				PRODUCT_NAME = "$(TARGET_NAME)";
				SWIFT_EMIT_LOC_STRINGS = YES;
				SWIFT_VERSION = 5.0;
				TARGETED_DEVICE_FAMILY = "1,2";
			};
			name = Debug;
		};
		C059BF732AD720DE000C7B17 /* Release */ = {
			isa = XCBuildConfiguration;
			buildSettings = {
				ASSETCATALOG_COMPILER_APPICON_NAME = AppIcon;
				ASSETCATALOG_COMPILER_GLOBAL_ACCENT_COLOR_NAME = AccentColor;
				CODE_SIGN_STYLE = Automatic;
				CURRENT_PROJECT_VERSION = 1;
				DEVELOPMENT_TEAM = 9Z5J5Q4MH4;
				GENERATE_INFOPLIST_FILE = YES;
				INFOPLIST_FILE = ViperSwiftPlaceholder/Info.plist;
				INFOPLIST_KEY_UIApplicationSupportsIndirectInputEvents = YES;
				INFOPLIST_KEY_UILaunchStoryboardName = LaunchScreen;
				INFOPLIST_KEY_UIMainStoryboardFile = Main;
				INFOPLIST_KEY_UISupportedInterfaceOrientations_iPad = "UIInterfaceOrientationPortrait UIInterfaceOrientationPortraitUpsideDown UIInterfaceOrientationLandscapeLeft UIInterfaceOrientationLandscapeRight";
				INFOPLIST_KEY_UISupportedInterfaceOrientations_iPhone = "UIInterfaceOrientationPortrait UIInterfaceOrientationLandscapeLeft UIInterfaceOrientationLandscapeRight";
				IPHONEOS_DEPLOYMENT_TARGET = 16.0;
				LD_RUNPATH_SEARCH_PATHS = (
					"$(inherited)",
					"@executable_path/Frameworks",
				);
				MARKETING_VERSION = 1.0;
				PRODUCT_BUNDLE_IDENTIFIER = info.ViperSwiftPlaceholder;
				PRODUCT_NAME = "$(TARGET_NAME)";
				SWIFT_EMIT_LOC_STRINGS = YES;
				SWIFT_VERSION = 5.0;
				TARGETED_DEVICE_FAMILY = "1,2";
			};
			name = Release;
		};
		C059BF752AD720DE000C7B17 /* Debug */ = {
			isa = XCBuildConfiguration;
			buildSettings = {
				ALWAYS_EMBED_SWIFT_STANDARD_LIBRARIES = YES;
				BUNDLE_LOADER = "$(TEST_HOST)";
				CODE_SIGN_STYLE = Automatic;
				CURRENT_PROJECT_VERSION = 1;
				DEVELOPMENT_TEAM = 9Z5J5Q4MH4;
				GENERATE_INFOPLIST_FILE = YES;
				IPHONEOS_DEPLOYMENT_TARGET = 16.2;
				MARKETING_VERSION = 1.0;
				PRODUCT_BUNDLE_IDENTIFIER = info.ViperSwiftPlaceholderTests;
				PRODUCT_NAME = "$(TARGET_NAME)";
				SWIFT_EMIT_LOC_STRINGS = NO;
				SWIFT_VERSION = 5.0;
				TARGETED_DEVICE_FAMILY = "1,2";
				TEST_HOST = "$(BUILT_PRODUCTS_DIR)/ViperSwiftPlaceholder.app/$(BUNDLE_EXECUTABLE_FOLDER_PATH)/ViperSwiftPlaceholder";
			};
			name = Debug;
		};
		C059BF762AD720DE000C7B17 /* Release */ = {
			isa = XCBuildConfiguration;
			buildSettings = {
				ALWAYS_EMBED_SWIFT_STANDARD_LIBRARIES = YES;
				BUNDLE_LOADER = "$(TEST_HOST)";
				CODE_SIGN_STYLE = Automatic;
				CURRENT_PROJECT_VERSION = 1;
				DEVELOPMENT_TEAM = 9Z5J5Q4MH4;
				GENERATE_INFOPLIST_FILE = YES;
				IPHONEOS_DEPLOYMENT_TARGET = 16.2;
				MARKETING_VERSION = 1.0;
				PRODUCT_BUNDLE_IDENTIFIER = info.ViperSwiftPlaceholderTests;
				PRODUCT_NAME = "$(TARGET_NAME)";
				SWIFT_EMIT_LOC_STRINGS = NO;
				SWIFT_VERSION = 5.0;
				TARGETED_DEVICE_FAMILY = "1,2";
				TEST_HOST = "$(BUILT_PRODUCTS_DIR)/ViperSwiftPlaceholder.app/$(BUNDLE_EXECUTABLE_FOLDER_PATH)/ViperSwiftPlaceholder";
			};
			name = Release;
		};
		C059BF782AD720DE000C7B17 /* Debug */ = {
			isa = XCBuildConfiguration;
			buildSettings = {
				ALWAYS_EMBED_SWIFT_STANDARD_LIBRARIES = YES;
				CODE_SIGN_STYLE = Automatic;
				CURRENT_PROJECT_VERSION = 1;
				DEVELOPMENT_TEAM = 9Z5J5Q4MH4;
				GENERATE_INFOPLIST_FILE = YES;
				MARKETING_VERSION = 1.0;
				PRODUCT_BUNDLE_IDENTIFIER = info.ViperSwiftPlaceholderUITests;
				PRODUCT_NAME = "$(TARGET_NAME)";
				SWIFT_EMIT_LOC_STRINGS = NO;
				SWIFT_VERSION = 5.0;
				TARGETED_DEVICE_FAMILY = "1,2";
				TEST_TARGET_NAME = ViperSwiftPlaceholder;
			};
			name = Debug;
		};
		C059BF792AD720DE000C7B17 /* Release */ = {
			isa = XCBuildConfiguration;
			buildSettings = {
				ALWAYS_EMBED_SWIFT_STANDARD_LIBRARIES = YES;
				CODE_SIGN_STYLE = Automatic;
				CURRENT_PROJECT_VERSION = 1;
				DEVELOPMENT_TEAM = 9Z5J5Q4MH4;
				GENERATE_INFOPLIST_FILE = YES;
				MARKETING_VERSION = 1.0;
				PRODUCT_BUNDLE_IDENTIFIER = info.ViperSwiftPlaceholderUITests;
				PRODUCT_NAME = "$(TARGET_NAME)";
				SWIFT_EMIT_LOC_STRINGS = NO;
				SWIFT_VERSION = 5.0;
				TARGETED_DEVICE_FAMILY = "1,2";
				TEST_TARGET_NAME = ViperSwiftPlaceholder;
			};
			name = Release;
		};
/* End XCBuildConfiguration section */

/* Begin XCConfigurationList section */
		C059BF422AD720DB000C7B17 /* Build configuration list for PBXProject "ViperSwiftPlaceholder" */ = {
			isa = XCConfigurationList;
			buildConfigurations = (
				C059BF6F2AD720DE000C7B17 /* Debug */,
				C059BF702AD720DE000C7B17 /* Release */,
			);
			defaultConfigurationIsVisible = 0;
			defaultConfigurationName = Release;
		};
		C059BF712AD720DE000C7B17 /* Build configuration list for PBXNativeTarget "ViperSwiftPlaceholder" */ = {
			isa = XCConfigurationList;
			buildConfigurations = (
				C059BF722AD720DE000C7B17 /* Debug */,
				C059BF732AD720DE000C7B17 /* Release */,
			);
			defaultConfigurationIsVisible = 0;
			defaultConfigurationName = Release;
		};
		C059BF742AD720DE000C7B17 /* Build configuration list for PBXNativeTarget "ViperSwiftPlaceholderTests" */ = {
			isa = XCConfigurationList;
			buildConfigurations = (
				C059BF752AD720DE000C7B17 /* Debug */,
				C059BF762AD720DE000C7B17 /* Release */,
			);
			defaultConfigurationIsVisible = 0;
			defaultConfigurationName = Release;
		};
		C059BF772AD720DE000C7B17 /* Build configuration list for PBXNativeTarget "ViperSwiftPlaceholderUITests" */ = {
			isa = XCConfigurationList;
			buildConfigurations = (
				C059BF782AD720DE000C7B17 /* Debug */,
				C059BF792AD720DE000C7B17 /* Release */,
			);
			defaultConfigurationIsVisible = 0;
			defaultConfigurationName = Release;
		};
/* End XCConfigurationList section */

/* Begin XCRemoteSwiftPackageReference section */
		C059BF842AD726CA000C7B17 /* XCRemoteSwiftPackageReference "SnapKit" */ = {
			isa = XCRemoteSwiftPackageReference;
			repositoryURL = "https://github.com/SnapKit/SnapKit.git";
			requirement = {
				kind = upToNextMajorVersion;
				minimumVersion = 5.0.0;
			};
		};
		C059BF932AD73979000C7B17 /* XCRemoteSwiftPackageReference "Alamofire" */ = {
			isa = XCRemoteSwiftPackageReference;
			repositoryURL = "https://github.com/Alamofire/Alamofire.git";
			requirement = {
				branch = master;
				kind = branch;
			};
		};
/* End XCRemoteSwiftPackageReference section */

/* Begin XCSwiftPackageProductDependency section */
		C059BF852AD726CA000C7B17 /* SnapKit */ = {
			isa = XCSwiftPackageProductDependency;
			package = C059BF842AD726CA000C7B17 /* XCRemoteSwiftPackageReference "SnapKit" */;
			productName = SnapKit;
		};
		C059BF942AD73979000C7B17 /* Alamofire */ = {
			isa = XCSwiftPackageProductDependency;
			package = C059BF932AD73979000C7B17 /* XCRemoteSwiftPackageReference "Alamofire" */;
			productName = Alamofire;
		};
/* End XCSwiftPackageProductDependency section */
	};
	rootObject = C059BF3F2AD720DB000C7B17 /* Project object */;
}
